// !$*UTF8*$!
{
	archiveVersion = 1;
	classes = {
	};
	objectVersion = 46;
	objects = {

/* Begin PBXBuildFile section */
		E3256A7A1BF1F16300E23153 /* main.m in Sources */ = {isa = PBXBuildFile; fileRef = E3256A791BF1F16300E23153 /* main.m */; };
		E3256A7D1BF1F16300E23153 /* AppDelegate.m in Sources */ = {isa = PBXBuildFile; fileRef = E3256A7C1BF1F16300E23153 /* AppDelegate.m */; };
		E3256A801BF1F16300E23153 /* ViewController.m in Sources */ = {isa = PBXBuildFile; fileRef = E3256A7F1BF1F16300E23153 /* ViewController.m */; };
		E3256A831BF1F16300E23153 /* Main.storyboard in Resources */ = {isa = PBXBuildFile; fileRef = E3256A811BF1F16300E23153 /* Main.storyboard */; };
		E3256A851BF1F16300E23153 /* Assets.xcassets in Resources */ = {isa = PBXBuildFile; fileRef = E3256A841BF1F16300E23153 /* Assets.xcassets */; };
		E3256A881BF1F16300E23153 /* LaunchScreen.storyboard in Resources */ = {isa = PBXBuildFile; fileRef = E3256A861BF1F16300E23153 /* LaunchScreen.storyboard */; };
		E3256A931BF1F16300E23153 /* twoTests.m in Sources */ = {isa = PBXBuildFile; fileRef = E3256A921BF1F16300E23153 /* twoTests.m */; };
		E3256A9E1BF1F16300E23153 /* twoUITests.m in Sources */ = {isa = PBXBuildFile; fileRef = E3256A9D1BF1F16300E23153 /* twoUITests.m */; };
		E3256AAD1BF1F17B00E23153 /* GPLineView.m in Sources */ = {isa = PBXBuildFile; fileRef = E3256AAC1BF1F17B00E23153 /* GPLineView.m */; };
		E3256AB01BF1F19900E23153 /* GPButton.m in Sources */ = {isa = PBXBuildFile; fileRef = E3256AAF1BF1F19900E23153 /* GPButton.m */; };
		E3256AB31BF2E02400E23153 /* GPStateView.m in Sources */ = {isa = PBXBuildFile; fileRef = E3256AB21BF2E02400E23153 /* GPStateView.m */; };
		E3256AB61BF2E38800E23153 /* GPView.m in Sources */ = {isa = PBXBuildFile; fileRef = E3256AB51BF2E38800E23153 /* GPView.m */; };
		E3256ABB1BF3441800E23153 /* GPassWordVC.m in Sources */ = {isa = PBXBuildFile; fileRef = E3256ABA1BF3441800E23153 /* GPassWordVC.m */; };
		F057B315F27247943BEB9B22 /* libPods.a in Frameworks */ = {isa = PBXBuildFile; fileRef = C3AEB02F657936047B421D17 /* libPods.a */; };
/* End PBXBuildFile section */

/* Begin PBXContainerItemProxy section */
		E3256A8F1BF1F16300E23153 /* PBXContainerItemProxy */ = {
			isa = PBXContainerItemProxy;
			containerPortal = E3256A6D1BF1F16300E23153 /* Project object */;
			proxyType = 1;
			remoteGlobalIDString = E3256A741BF1F16300E23153;
			remoteInfo = two;
		};
		E3256A9A1BF1F16300E23153 /* PBXContainerItemProxy */ = {
			isa = PBXContainerItemProxy;
			containerPortal = E3256A6D1BF1F16300E23153 /* Project object */;
			proxyType = 1;
			remoteGlobalIDString = E3256A741BF1F16300E23153;
			remoteInfo = two;
		};
/* End PBXContainerItemProxy section */

/* Begin PBXFileReference section */
		18362EF8A26C451C7B5568EF /* Pods.debug.xcconfig */ = {isa = PBXFileReference; includeInIndex = 1; lastKnownFileType = text.xcconfig; name = Pods.debug.xcconfig; path = "Pods/Target Support Files/Pods/Pods.debug.xcconfig"; sourceTree = "<group>"; };
		C3AEB02F657936047B421D17 /* libPods.a */ = {isa = PBXFileReference; explicitFileType = archive.ar; includeInIndex = 0; path = libPods.a; sourceTree = BUILT_PRODUCTS_DIR; };
		C596373C0E7995399CA532FA /* Pods.release.xcconfig */ = {isa = PBXFileReference; includeInIndex = 1; lastKnownFileType = text.xcconfig; name = Pods.release.xcconfig; path = "Pods/Target Support Files/Pods/Pods.release.xcconfig"; sourceTree = "<group>"; };
		E3256A751BF1F16300E23153 /* two.app */ = {isa = PBXFileReference; explicitFileType = wrapper.application; includeInIndex = 0; path = two.app; sourceTree = BUILT_PRODUCTS_DIR; };
		E3256A791BF1F16300E23153 /* main.m */ = {isa = PBXFileReference; lastKnownFileType = sourcecode.c.objc; path = main.m; sourceTree = "<group>"; };
		E3256A7B1BF1F16300E23153 /* AppDelegate.h */ = {isa = PBXFileReference; lastKnownFileType = sourcecode.c.h; path = AppDelegate.h; sourceTree = "<group>"; };
		E3256A7C1BF1F16300E23153 /* AppDelegate.m */ = {isa = PBXFileReference; lastKnownFileType = sourcecode.c.objc; path = AppDelegate.m; sourceTree = "<group>"; };
		E3256A7E1BF1F16300E23153 /* ViewController.h */ = {isa = PBXFileReference; lastKnownFileType = sourcecode.c.h; path = ViewController.h; sourceTree = "<group>"; };
		E3256A7F1BF1F16300E23153 /* ViewController.m */ = {isa = PBXFileReference; lastKnownFileType = sourcecode.c.objc; path = ViewController.m; sourceTree = "<group>"; };
		E3256A821BF1F16300E23153 /* Base */ = {isa = PBXFileReference; lastKnownFileType = file.storyboard; name = Base; path = Base.lproj/Main.storyboard; sourceTree = "<group>"; };
		E3256A841BF1F16300E23153 /* Assets.xcassets */ = {isa = PBXFileReference; lastKnownFileType = folder.assetcatalog; path = Assets.xcassets; sourceTree = "<group>"; };
		E3256A871BF1F16300E23153 /* Base */ = {isa = PBXFileReference; lastKnownFileType = file.storyboard; name = Base; path = Base.lproj/LaunchScreen.storyboard; sourceTree = "<group>"; };
		E3256A891BF1F16300E23153 /* Info.plist */ = {isa = PBXFileReference; lastKnownFileType = text.plist.xml; path = Info.plist; sourceTree = "<group>"; };
		E3256A8E1BF1F16300E23153 /* twoTests.xctest */ = {isa = PBXFileReference; explicitFileType = wrapper.cfbundle; includeInIndex = 0; path = twoTests.xctest; sourceTree = BUILT_PRODUCTS_DIR; };
		E3256A921BF1F16300E23153 /* twoTests.m */ = {isa = PBXFileReference; lastKnownFileType = sourcecode.c.objc; path = twoTests.m; sourceTree = "<group>"; };
		E3256A941BF1F16300E23153 /* Info.plist */ = {isa = PBXFileReference; lastKnownFileType = text.plist.xml; path = Info.plist; sourceTree = "<group>"; };
		E3256A991BF1F16300E23153 /* twoUITests.xctest */ = {isa = PBXFileReference; explicitFileType = wrapper.cfbundle; includeInIndex = 0; path = twoUITests.xctest; sourceTree = BUILT_PRODUCTS_DIR; };
		E3256A9D1BF1F16300E23153 /* twoUITests.m */ = {isa = PBXFileReference; lastKnownFileType = sourcecode.c.objc; path = twoUITests.m; sourceTree = "<group>"; };
		E3256A9F1BF1F16300E23153 /* Info.plist */ = {isa = PBXFileReference; lastKnownFileType = text.plist.xml; path = Info.plist; sourceTree = "<group>"; };
		E3256AAB1BF1F17B00E23153 /* GPLineView.h */ = {isa = PBXFileReference; fileEncoding = 4; lastKnownFileType = sourcecode.c.h; path = GPLineView.h; sourceTree = "<group>"; };
		E3256AAC1BF1F17B00E23153 /* GPLineView.m */ = {isa = PBXFileReference; fileEncoding = 4; lastKnownFileType = sourcecode.c.objc; path = GPLineView.m; sourceTree = "<group>"; };
		E3256AAE1BF1F19900E23153 /* GPButton.h */ = {isa = PBXFileReference; fileEncoding = 4; lastKnownFileType = sourcecode.c.h; path = GPButton.h; sourceTree = "<group>"; };
		E3256AAF1BF1F19900E23153 /* GPButton.m */ = {isa = PBXFileReference; fileEncoding = 4; lastKnownFileType = sourcecode.c.objc; path = GPButton.m; sourceTree = "<group>"; };
		E3256AB11BF2E02400E23153 /* GPStateView.h */ = {isa = PBXFileReference; fileEncoding = 4; lastKnownFileType = sourcecode.c.h; path = GPStateView.h; sourceTree = "<group>"; };
		E3256AB21BF2E02400E23153 /* GPStateView.m */ = {isa = PBXFileReference; fileEncoding = 4; lastKnownFileType = sourcecode.c.objc; path = GPStateView.m; sourceTree = "<group>"; };
		E3256AB41BF2E38800E23153 /* GPView.h */ = {isa = PBXFileReference; fileEncoding = 4; lastKnownFileType = sourcecode.c.h; path = GPView.h; sourceTree = "<group>"; };
		E3256AB51BF2E38800E23153 /* GPView.m */ = {isa = PBXFileReference; fileEncoding = 4; lastKnownFileType = sourcecode.c.objc; path = GPView.m; sourceTree = "<group>"; };
		E3256AB71BF2EE3A00E23153 /* PrefixHeader.pch */ = {isa = PBXFileReference; lastKnownFileType = sourcecode.c.h; path = PrefixHeader.pch; sourceTree = "<group>"; };
		E3256AB81BF2F0DE00E23153 /* GPHeader.h */ = {isa = PBXFileReference; lastKnownFileType = sourcecode.c.h; path = GPHeader.h; sourceTree = "<group>"; };
		E3256AB91BF3441800E23153 /* GPassWordVC.h */ = {isa = PBXFileReference; fileEncoding = 4; lastKnownFileType = sourcecode.c.h; path = GPassWordVC.h; sourceTree = "<group>"; };
		E3256ABA1BF3441800E23153 /* GPassWordVC.m */ = {isa = PBXFileReference; fileEncoding = 4; lastKnownFileType = sourcecode.c.objc; path = GPassWordVC.m; sourceTree = "<group>"; };
/* End PBXFileReference section */

/* Begin PBXFrameworksBuildPhase section */
		E3256A721BF1F16300E23153 /* Frameworks */ = {
			isa = PBXFrameworksBuildPhase;
			buildActionMask = 2147483647;
			files = (
				F057B315F27247943BEB9B22 /* libPods.a in Frameworks */,
			);
			runOnlyForDeploymentPostprocessing = 0;
		};
		E3256A8B1BF1F16300E23153 /* Frameworks */ = {
			isa = PBXFrameworksBuildPhase;
			buildActionMask = 2147483647;
			files = (
			);
			runOnlyForDeploymentPostprocessing = 0;
		};
		E3256A961BF1F16300E23153 /* Frameworks */ = {
			isa = PBXFrameworksBuildPhase;
			buildActionMask = 2147483647;
			files = (
			);
			runOnlyForDeploymentPostprocessing = 0;
		};
/* End PBXFrameworksBuildPhase section */

/* Begin PBXGroup section */
		43EDA247EF91704E9803A119 /* Frameworks */ = {
			isa = PBXGroup;
			children = (
				C3AEB02F657936047B421D17 /* libPods.a */,
			);
			name = Frameworks;
			sourceTree = "<group>";
		};
		B91199F5C945DD3EE3B87AFA /* Pods */ = {
			isa = PBXGroup;
			children = (
				18362EF8A26C451C7B5568EF /* Pods.debug.xcconfig */,
				C596373C0E7995399CA532FA /* Pods.release.xcconfig */,
			);
			name = Pods;
			sourceTree = "<group>";
		};
		E3256A6C1BF1F16300E23153 = {
			isa = PBXGroup;
			children = (
				E3256A771BF1F16300E23153 /* two */,
				E3256A911BF1F16300E23153 /* twoTests */,
				E3256A9C1BF1F16300E23153 /* twoUITests */,
				E3256A761BF1F16300E23153 /* Products */,
				B91199F5C945DD3EE3B87AFA /* Pods */,
				43EDA247EF91704E9803A119 /* Frameworks */,
			);
			sourceTree = "<group>";
		};
		E3256A761BF1F16300E23153 /* Products */ = {
			isa = PBXGroup;
			children = (
				E3256A751BF1F16300E23153 /* two.app */,
				E3256A8E1BF1F16300E23153 /* twoTests.xctest */,
				E3256A991BF1F16300E23153 /* twoUITests.xctest */,
			);
			name = Products;
			sourceTree = "<group>";
		};
		E3256A771BF1F16300E23153 /* two */ = {
			isa = PBXGroup;
			children = (
				E3256AB81BF2F0DE00E23153 /* GPHeader.h */,
				E3256AAE1BF1F19900E23153 /* GPButton.h */,
				E3256AAF1BF1F19900E23153 /* GPButton.m */,
				E3256AB11BF2E02400E23153 /* GPStateView.h */,
				E3256AB21BF2E02400E23153 /* GPStateView.m */,
				E3256AAB1BF1F17B00E23153 /* GPLineView.h */,
				E3256AAC1BF1F17B00E23153 /* GPLineView.m */,
				E3256AB41BF2E38800E23153 /* GPView.h */,
				E3256AB51BF2E38800E23153 /* GPView.m */,
				E3256AB91BF3441800E23153 /* GPassWordVC.h */,
				E3256ABA1BF3441800E23153 /* GPassWordVC.m */,
				E3256A7B1BF1F16300E23153 /* AppDelegate.h */,
				E3256A7C1BF1F16300E23153 /* AppDelegate.m */,
				E3256A7E1BF1F16300E23153 /* ViewController.h */,
				E3256A7F1BF1F16300E23153 /* ViewController.m */,
				E3256A811BF1F16300E23153 /* Main.storyboard */,
				E3256A841BF1F16300E23153 /* Assets.xcassets */,
				E3256A861BF1F16300E23153 /* LaunchScreen.storyboard */,
				E3256A891BF1F16300E23153 /* Info.plist */,
				E3256A781BF1F16300E23153 /* Supporting Files */,
			);
			path = two;
			sourceTree = "<group>";
		};
		E3256A781BF1F16300E23153 /* Supporting Files */ = {
			isa = PBXGroup;
			children = (
				E3256A791BF1F16300E23153 /* main.m */,
				E3256AB71BF2EE3A00E23153 /* PrefixHeader.pch */,
			);
			name = "Supporting Files";
			sourceTree = "<group>";
		};
		E3256A911BF1F16300E23153 /* twoTests */ = {
			isa = PBXGroup;
			children = (
				E3256A921BF1F16300E23153 /* twoTests.m */,
				E3256A941BF1F16300E23153 /* Info.plist */,
			);
			path = twoTests;
			sourceTree = "<group>";
		};
		E3256A9C1BF1F16300E23153 /* twoUITests */ = {
			isa = PBXGroup;
			children = (
				E3256A9D1BF1F16300E23153 /* twoUITests.m */,
				E3256A9F1BF1F16300E23153 /* Info.plist */,
			);
			path = twoUITests;
			sourceTree = "<group>";
		};
/* End PBXGroup section */

/* Begin PBXNativeTarget section */
		E3256A741BF1F16300E23153 /* two */ = {
			isa = PBXNativeTarget;
			buildConfigurationList = E3256AA21BF1F16300E23153 /* Build configuration list for PBXNativeTarget "two" */;
			buildPhases = (
				1B6FDFDC54B2D962B3E04055 /* Check Pods Manifest.lock */,
				E3256A711BF1F16300E23153 /* Sources */,
				E3256A721BF1F16300E23153 /* Frameworks */,
				E3256A731BF1F16300E23153 /* Resources */,
				A21D7A9ABCA86CFC309EABDC /* Embed Pods Frameworks */,
				9077BC031A5B9B48EFB4886B /* Copy Pods Resources */,
			);
			buildRules = (
			);
			dependencies = (
			);
			name = two;
			productName = two;
			productReference = E3256A751BF1F16300E23153 /* two.app */;
			productType = "com.apple.product-type.application";
		};
		E3256A8D1BF1F16300E23153 /* twoTests */ = {
			isa = PBXNativeTarget;
			buildConfigurationList = E3256AA51BF1F16300E23153 /* Build configuration list for PBXNativeTarget "twoTests" */;
			buildPhases = (
				E3256A8A1BF1F16300E23153 /* Sources */,
				E3256A8B1BF1F16300E23153 /* Frameworks */,
				E3256A8C1BF1F16300E23153 /* Resources */,
			);
			buildRules = (
			);
			dependencies = (
				E3256A901BF1F16300E23153 /* PBXTargetDependency */,
			);
			name = twoTests;
			productName = twoTests;
			productReference = E3256A8E1BF1F16300E23153 /* twoTests.xctest */;
			productType = "com.apple.product-type.bundle.unit-test";
		};
		E3256A981BF1F16300E23153 /* twoUITests */ = {
			isa = PBXNativeTarget;
			buildConfigurationList = E3256AA81BF1F16300E23153 /* Build configuration list for PBXNativeTarget "twoUITests" */;
			buildPhases = (
				E3256A951BF1F16300E23153 /* Sources */,
				E3256A961BF1F16300E23153 /* Frameworks */,
				E3256A971BF1F16300E23153 /* Resources */,
			);
			buildRules = (
			);
			dependencies = (
				E3256A9B1BF1F16300E23153 /* PBXTargetDependency */,
			);
			name = twoUITests;
			productName = twoUITests;
			productReference = E3256A991BF1F16300E23153 /* twoUITests.xctest */;
			productType = "com.apple.product-type.bundle.ui-testing";
		};
/* End PBXNativeTarget section */

/* Begin PBXProject section */
		E3256A6D1BF1F16300E23153 /* Project object */ = {
			isa = PBXProject;
			attributes = {
				LastUpgradeCheck = 0710;
				ORGANIZATIONNAME = wpf;
				TargetAttributes = {
					E3256A741BF1F16300E23153 = {
						CreatedOnToolsVersion = 7.1;
						DevelopmentTeam = RTCETB2ULQ;
					};
					E3256A8D1BF1F16300E23153 = {
						CreatedOnToolsVersion = 7.1;
						TestTargetID = E3256A741BF1F16300E23153;
					};
					E3256A981BF1F16300E23153 = {
						CreatedOnToolsVersion = 7.1;
						TestTargetID = E3256A741BF1F16300E23153;
					};
				};
			};
			buildConfigurationList = E3256A701BF1F16300E23153 /* Build configuration list for PBXProject "two" */;
			compatibilityVersion = "Xcode 3.2";
			developmentRegion = English;
			hasScannedForEncodings = 0;
			knownRegions = (
				en,
				Base,
			);
			mainGroup = E3256A6C1BF1F16300E23153;
			productRefGroup = E3256A761BF1F16300E23153 /* Products */;
			projectDirPath = "";
			projectRoot = "";
			targets = (
				E3256A741BF1F16300E23153 /* two */,
				E3256A8D1BF1F16300E23153 /* twoTests */,
				E3256A981BF1F16300E23153 /* twoUITests */,
			);
		};
/* End PBXProject section */

/* Begin PBXResourcesBuildPhase section */
		E3256A731BF1F16300E23153 /* Resources */ = {
			isa = PBXResourcesBuildPhase;
			buildActionMask = 2147483647;
			files = (
				E3256A881BF1F16300E23153 /* LaunchScreen.storyboard in Resources */,
				E3256A851BF1F16300E23153 /* Assets.xcassets in Resources */,
				E3256A831BF1F16300E23153 /* Main.storyboard in Resources */,
			);
			runOnlyForDeploymentPostprocessing = 0;
		};
		E3256A8C1BF1F16300E23153 /* Resources */ = {
			isa = PBXResourcesBuildPhase;
			buildActionMask = 2147483647;
			files = (
			);
			runOnlyForDeploymentPostprocessing = 0;
		};
		E3256A971BF1F16300E23153 /* Resources */ = {
			isa = PBXResourcesBuildPhase;
			buildActionMask = 2147483647;
			files = (
			);
			runOnlyForDeploymentPostprocessing = 0;
		};
/* End PBXResourcesBuildPhase section */

/* Begin PBXShellScriptBuildPhase section */
		1B6FDFDC54B2D962B3E04055 /* Check Pods Manifest.lock */ = {
			isa = PBXShellScriptBuildPhase;
			buildActionMask = 2147483647;
			files = (
			);
			inputPaths = (
			);
			name = "Check Pods Manifest.lock";
			outputPaths = (
			);
			runOnlyForDeploymentPostprocessing = 0;
			shellPath = /bin/sh;
			shellScript = "diff \"${PODS_ROOT}/../Podfile.lock\" \"${PODS_ROOT}/Manifest.lock\" > /dev/null\nif [[ $? != 0 ]] ; then\n    cat << EOM\nerror: The sandbox is not in sync with the Podfile.lock. Run 'pod install' or update your CocoaPods installation.\nEOM\n    exit 1\nfi\n";
			showEnvVarsInLog = 0;
		};
		9077BC031A5B9B48EFB4886B /* Copy Pods Resources */ = {
			isa = PBXShellScriptBuildPhase;
			buildActionMask = 2147483647;
			files = (
			);
			inputPaths = (
			);
			name = "Copy Pods Resources";
			outputPaths = (
			);
			runOnlyForDeploymentPostprocessing = 0;
			shellPath = /bin/sh;
			shellScript = "\"${SRCROOT}/Pods/Target Support Files/Pods/Pods-resources.sh\"\n";
			showEnvVarsInLog = 0;
		};
		A21D7A9ABCA86CFC309EABDC /* Embed Pods Frameworks */ = {
			isa = PBXShellScriptBuildPhase;
			buildActionMask = 2147483647;
			files = (
			);
			inputPaths = (
			);
			name = "Embed Pods Frameworks";
			outputPaths = (
			);
			runOnlyForDeploymentPostprocessing = 0;
			shellPath = /bin/sh;
			shellScript = "\"${SRCROOT}/Pods/Target Support Files/Pods/Pods-frameworks.sh\"\n";
			showEnvVarsInLog = 0;
		};
/* End PBXShellScriptBuildPhase section */

/* Begin PBXSourcesBuildPhase section */
		E3256A711BF1F16300E23153 /* Sources */ = {
			isa = PBXSourcesBuildPhase;
			buildActionMask = 2147483647;
			files = (
				E3256AAD1BF1F17B00E23153 /* GPLineView.m in Sources */,
				E3256A801BF1F16300E23153 /* ViewController.m in Sources */,
				E3256A7D1BF1F16300E23153 /* AppDelegate.m in Sources */,
				E3256AB01BF1F19900E23153 /* GPButton.m in Sources */,
				E3256ABB1BF3441800E23153 /* GPassWordVC.m in Sources */,
				E3256AB61BF2E38800E23153 /* GPView.m in Sources */,
				E3256AB31BF2E02400E23153 /* GPStateView.m in Sources */,
				E3256A7A1BF1F16300E23153 /* main.m in Sources */,
			);
			runOnlyForDeploymentPostprocessing = 0;
		};
		E3256A8A1BF1F16300E23153 /* Sources */ = {
			isa = PBXSourcesBuildPhase;
			buildActionMask = 2147483647;
			files = (
				E3256A931BF1F16300E23153 /* twoTests.m in Sources */,
			);
			runOnlyForDeploymentPostprocessing = 0;
		};
		E3256A951BF1F16300E23153 /* Sources */ = {
			isa = PBXSourcesBuildPhase;
			buildActionMask = 2147483647;
			files = (
				E3256A9E1BF1F16300E23153 /* twoUITests.m in Sources */,
			);
			runOnlyForDeploymentPostprocessing = 0;
		};
/* End PBXSourcesBuildPhase section */

/* Begin PBXTargetDependency section */
		E3256A901BF1F16300E23153 /* PBXTargetDependency */ = {
			isa = PBXTargetDependency;
			target = E3256A741BF1F16300E23153 /* two */;
			targetProxy = E3256A8F1BF1F16300E23153 /* PBXContainerItemProxy */;
		};
		E3256A9B1BF1F16300E23153 /* PBXTargetDependency */ = {
			isa = PBXTargetDependency;
			target = E3256A741BF1F16300E23153 /* two */;
			targetProxy = E3256A9A1BF1F16300E23153 /* PBXContainerItemProxy */;
		};
/* End PBXTargetDependency section */

/* Begin PBXVariantGroup section */
		E3256A811BF1F16300E23153 /* Main.storyboard */ = {
			isa = PBXVariantGroup;
			children = (
				E3256A821BF1F16300E23153 /* Base */,
			);
			name = Main.storyboard;
			sourceTree = "<group>";
		};
		E3256A861BF1F16300E23153 /* LaunchScreen.storyboard */ = {
			isa = PBXVariantGroup;
			children = (
				E3256A871BF1F16300E23153 /* Base */,
			);
			name = LaunchScreen.storyboard;
			sourceTree = "<group>";
		};
/* End PBXVariantGroup section */

/* Begin XCBuildConfiguration section */
		E3256AA01BF1F16300E23153 /* Debug */ = {
			isa = XCBuildConfiguration;
			buildSettings = {
				ALWAYS_SEARCH_USER_PATHS = NO;
				CLANG_CXX_LANGUAGE_STANDARD = "gnu++0x";
				CLANG_CXX_LIBRARY = "libc++";
				CLANG_ENABLE_MODULES = YES;
				CLANG_ENABLE_OBJC_ARC = YES;
				CLANG_WARN_BOOL_CONVERSION = YES;
				CLANG_WARN_CONSTANT_CONVERSION = YES;
				CLANG_WARN_DIRECT_OBJC_ISA_USAGE = YES_ERROR;
				CLANG_WARN_EMPTY_BODY = YES;
				CLANG_WARN_ENUM_CONVERSION = YES;
				CLANG_WARN_INT_CONVERSION = YES;
				CLANG_WARN_OBJC_ROOT_CLASS = YES_ERROR;
				CLANG_WARN_UNREACHABLE_CODE = YES;
				CLANG_WARN__DUPLICATE_METHOD_MATCH = YES;
				"CODE_SIGN_IDENTITY[sdk=iphoneos*]" = "iPhone Developer";
				COPY_PHASE_STRIP = NO;
				DEBUG_INFORMATION_FORMAT = dwarf;
				ENABLE_STRICT_OBJC_MSGSEND = YES;
				ENABLE_TESTABILITY = YES;
				GCC_C_LANGUAGE_STANDARD = gnu99;
				GCC_DYNAMIC_NO_PIC = NO;
				GCC_NO_COMMON_BLOCKS = YES;
				GCC_OPTIMIZATION_LEVEL = 0;
				GCC_PREPROCESSOR_DEFINITIONS = (
					"DEBUG=1",
					"$(inherited)",
				);
				GCC_WARN_64_TO_32_BIT_CONVERSION = YES;
				GCC_WARN_ABOUT_RETURN_TYPE = YES_ERROR;
				GCC_WARN_UNDECLARED_SELECTOR = YES;
				GCC_WARN_UNINITIALIZED_AUTOS = YES_AGGRESSIVE;
				GCC_WARN_UNUSED_FUNCTION = YES;
				GCC_WARN_UNUSED_VARIABLE = YES;
				IPHONEOS_DEPLOYMENT_TARGET = 9.1;
				MTL_ENABLE_DEBUG_INFO = YES;
				ONLY_ACTIVE_ARCH = YES;
				SDKROOT = iphoneos;
			};
			name = Debug;
		};
		E3256AA11BF1F16300E23153 /* Release */ = {
			isa = XCBuildConfiguration;
			buildSettings = {
				ALWAYS_SEARCH_USER_PATHS = NO;
				CLANG_CXX_LANGUAGE_STANDARD = "gnu++0x";
				CLANG_CXX_LIBRARY = "libc++";
				CLANG_ENABLE_MODULES = YES;
				CLANG_ENABLE_OBJC_ARC = YES;
				CLANG_WARN_BOOL_CONVERSION = YES;
				CLANG_WARN_CONSTANT_CONVERSION = YES;
				CLANG_WARN_DIRECT_OBJC_ISA_USAGE = YES_ERROR;
				CLANG_WARN_EMPTY_BODY = YES;
				CLANG_WARN_ENUM_CONVERSION = YES;
				CLANG_WARN_INT_CONVERSION = YES;
				CLANG_WARN_OBJC_ROOT_CLASS = YES_ERROR;
				CLANG_WARN_UNREACHABLE_CODE = YES;
				CLANG_WARN__DUPLICATE_METHOD_MATCH = YES;
				"CODE_SIGN_IDENTITY[sdk=iphoneos*]" = "iPhone Developer";
				COPY_PHASE_STRIP = NO;
				DEBUG_INFORMATION_FORMAT = "dwarf-with-dsym";
				ENABLE_NS_ASSERTIONS = NO;
				ENABLE_STRICT_OBJC_MSGSEND = YES;
				GCC_C_LANGUAGE_STANDARD = gnu99;
				GCC_NO_COMMON_BLOCKS = YES;
				GCC_WARN_64_TO_32_BIT_CONVERSION = YES;
				GCC_WARN_ABOUT_RETURN_TYPE = YES_ERROR;
				GCC_WARN_UNDECLARED_SELECTOR = YES;
				GCC_WARN_UNINITIALIZED_AUTOS = YES_AGGRESSIVE;
				GCC_WARN_UNUSED_FUNCTION = YES;
				GCC_WARN_UNUSED_VARIABLE = YES;
				IPHONEOS_DEPLOYMENT_TARGET = 9.1;
				MTL_ENABLE_DEBUG_INFO = NO;
				SDKROOT = iphoneos;
				VALIDATE_PRODUCT = YES;
			};
			name = Release;
		};
		E3256AA31BF1F16300E23153 /* Debug */ = {
			isa = XCBuildConfiguration;
			baseConfigurationReference = 18362EF8A26C451C7B5568EF /* Pods.debug.xcconfig */;
			buildSettings = {
				ASSETCATALOG_COMPILER_APPICON_NAME = AppIcon;
				DEVELOPMENT_TEAM = RTCETB2ULQ;
				GCC_PREFIX_HEADER = two/PrefixHeader.pch;
				INFOPLIST_FILE = two/Info.plist;
				LD_RUNPATH_SEARCH_PATHS = "$(inherited) @executable_path/Frameworks";
				PRODUCT_BUNDLE_IDENTIFIER = com.test.two;
				PRODUCT_NAME = "$(TARGET_NAME)";
			};
			name = Debug;
		};
		E3256AA41BF1F16300E23153 /* Release */ = {
			isa = XCBuildConfiguration;
			baseConfigurationReference = C596373C0E7995399CA532FA /* Pods.release.xcconfig */;
			buildSettings = {
				ASSETCATALOG_COMPILER_APPICON_NAME = AppIcon;
				DEVELOPMENT_TEAM = RTCETB2ULQ;
				GCC_PREFIX_HEADER = two/PrefixHeader.pch;
				INFOPLIST_FILE = two/Info.plist;
				LD_RUNPATH_SEARCH_PATHS = "$(inherited) @executable_path/Frameworks";
				PRODUCT_BUNDLE_IDENTIFIER = com.test.two;
				PRODUCT_NAME = "$(TARGET_NAME)";
			};
			name = Release;
		};
		E3256AA61BF1F16300E23153 /* Debug */ = {
			isa = XCBuildConfiguration;
			buildSettings = {
				BUNDLE_LOADER = "$(TEST_HOST)";
				INFOPLIST_FILE = twoTests/Info.plist;
				LD_RUNPATH_SEARCH_PATHS = "$(inherited) @executable_path/Frameworks @loader_path/Frameworks";
				PRODUCT_BUNDLE_IDENTIFIER = com.test.twoTests;
				PRODUCT_NAME = "$(TARGET_NAME)";
				TEST_HOST = "$(BUILT_PRODUCTS_DIR)/two.app/two";
			};
			name = Debug;
		};
		E3256AA71BF1F16300E23153 /* Release */ = {
			isa = XCBuildConfiguration;
			buildSettings = {
				BUNDLE_LOADER = "$(TEST_HOST)";
				INFOPLIST_FILE = twoTests/Info.plist;
				LD_RUNPATH_SEARCH_PATHS = "$(inherited) @executable_path/Frameworks @loader_path/Frameworks";
				PRODUCT_BUNDLE_IDENTIFIER = com.test.twoTests;
				PRODUCT_NAME = "$(TARGET_NAME)";
				TEST_HOST = "$(BUILT_PRODUCTS_DIR)/two.app/two";
			};
			name = Release;
		};
		E3256AA91BF1F16300E23153 /* Debug */ = {
			isa = XCBuildConfiguration;
			buildSettings = {
				INFOPLIST_FILE = twoUITests/Info.plist;
				LD_RUNPATH_SEARCH_PATHS = "$(inherited) @executable_path/Frameworks @loader_path/Frameworks";
				PRODUCT_BUNDLE_IDENTIFIER = com.test.twoUITests;
				PRODUCT_NAME = "$(TARGET_NAME)";
				TEST_TARGET_NAME = two;
				USES_XCTRUNNER = YES;
			};
			name = Debug;
		};
		E3256AAA1BF1F16300E23153 /* Release */ = {
			isa = XCBuildConfiguration;
			buildSettings = {
				INFOPLIST_FILE = twoUITests/Info.plist;
				LD_RUNPATH_SEARCH_PATHS = "$(inherited) @executable_path/Frameworks @loader_path/Frameworks";
				PRODUCT_BUNDLE_IDENTIFIER = com.test.twoUITests;
				PRODUCT_NAME = "$(TARGET_NAME)";
				TEST_TARGET_NAME = two;
				USES_XCTRUNNER = YES;
			};
			name = Release;
		};
/* End XCBuildConfiguration section */

/* Begin XCConfigurationList section */
		E3256A701BF1F16300E23153 /* Build configuration list for PBXProject "two" */ = {
			isa = XCConfigurationList;
			buildConfigurations = (
				E3256AA01BF1F16300E23153 /* Debug */,
				E3256AA11BF1F16300E23153 /* Release */,
			);
			defaultConfigurationIsVisible = 0;
			defaultConfigurationName = Release;
		};
		E3256AA21BF1F16300E23153 /* Build configuration list for PBXNativeTarget "two" */ = {
			isa = XCConfigurationList;
			buildConfigurations = (
				E3256AA31BF1F16300E23153 /* Debug */,
				E3256AA41BF1F16300E23153 /* Release */,
			);
			defaultConfigurationIsVisible = 0;
			defaultConfigurationName = Release;
		};
		E3256AA51BF1F16300E23153 /* Build configuration list for PBXNativeTarget "twoTests" */ = {
			isa = XCConfigurationList;
			buildConfigurations = (
				E3256AA61BF1F16300E23153 /* Debug */,
				E3256AA71BF1F16300E23153 /* Release */,
			);
			defaultConfigurationIsVisible = 0;
			defaultConfigurationName = Release;
		};
		E3256AA81BF1F16300E23153 /* Build configuration list for PBXNativeTarget "twoUITests" */ = {
			isa = XCConfigurationList;
			buildConfigurations = (
				E3256AA91BF1F16300E23153 /* Debug */,
				E3256AAA1BF1F16300E23153 /* Release */,
			);
			defaultConfigurationIsVisible = 0;
			defaultConfigurationName = Release;
		};
/* End XCConfigurationList section */
	};
	rootObject = E3256A6D1BF1F16300E23153 /* Project object */;
}
